Microsoft Visual Studio Solution File, Format Version 12.00
# Visual Studio Version 17
VisualStudioVersion = 17.5.2.0
MinimumVisualStudioVersion = 10.0.40219.1
Project("{FAE04EC0-301F-11D3-BF4B-00C04F79EFBC}") = "appLogger", "appLogger.csproj", "{BD3D98B4-D708-6EA4-9CB4-D92002200889}"
EndProject
Global
	GlobalSection(SolutionConfigurationPlatforms) = preSolution
		Debug|Any CPU = Debug|Any CPU
		Release|Any CPU = Release|Any CPU
	EndGlobalSection
	GlobalSection(ProjectConfigurationPlatforms) = postSolution
		{BD3D98B4-D708-6EA4-9CB4-D92002200889}.Debug|Any CPU.ActiveCfg = Debug|Any CPU
		{BD3D98B4-D708-6EA4-9CB4-D92002200889}.Debug|Any CPU.Build.0 = Debug|Any CPU
		{BD3D98B4-D708-6EA4-9CB4-D92002200889}.Release|Any CPU.ActiveCfg = Release|Any CPU
		{BD3D98B4-D708-6EA4-9CB4-D92002200889}.Release|Any CPU.Build.0 = Release|Any CPU
	EndGlobalSection
	GlobalSection(SolutionProperties) = preSolution
		HideSolutionNode = FALSE
	EndGlobalSection
	GlobalSection(ExtensibilityGlobals) = postSolution
		SolutionGuid = {621FE4F3-6C65-4F61-BD2E-B98209F86D74}
	EndGlobalSection
EndGlobal
